PODS:
  - boost (1.76.0)
  - BVLinearGradient (2.8.3):
    - React-Core
  - DoubleConversion (1.1.6)
  - FBLazyVector (0.68.7)
  - FBReactNativeSpec (0.68.7):
    - RCT-Folly (= 2021.06.28.00-v2)
    - RCTRequired (= 0.68.7)
    - RCTTypeSafety (= 0.68.7)
    - React-Core (= 0.68.7)
    - React-jsi (= 0.68.7)
    - ReactCommon/turbomodule/core (= 0.68.7)
  - fmt (6.2.1)
  - glog (0.3.5)
  - GoogleAds-IMA-iOS-SDK (3.13.0)
  - Permission-AppTrackingTransparency (3.10.1):
    - RNPermissions
  - Permission-BluetoothPeripheral (3.10.1):
    - RNPermissions
  - Permission-Calendars (3.10.1):
    - RNPermissions
  - Permission-Camera (3.10.1):
    - RNPermissions
  - Permission-Contacts (3.10.1):
    - RNPermissions
  - Permission-FaceID (3.10.1):
    - RNPermissions
  - Permission-LocationAlways (3.10.1):
    - RNPermissions
  - Permission-LocationWhenInUse (3.10.1):
    - RNPermissions
  - Permission-MediaLibrary (3.10.1):
    - RNPermissions
  - Permission-Microphone (3.10.1):
    - RNPermissions
  - Permission-Motion (3.10.1):
    - RNPermissions
  - Permission-Notifications (3.10.1):
    - RNPermissions
  - Permission-PhotoLibrary (3.10.1):
    - RNPermissions
  - Permission-Reminders (3.10.1):
    - RNPermissions
  - Permission-Siri (3.10.1):
    - RNPermissions
  - Permission-SpeechRecognition (3.10.1):
    - RNPermissions
  - Permission-StoreKit (3.10.1):
    - RNPermissions
  - RCT-Folly (2021.06.28.00-v2):
    - boost
    - DoubleConversion
    - fmt (~> 6.2.1)
    - glog
    - RCT-Folly/Default (= 2021.06.28.00-v2)
  - RCT-Folly/Default (2021.06.28.00-v2):
    - boost
    - DoubleConversion
    - fmt (~> 6.2.1)
    - glog
  - RCTRequired (0.68.7)
  - RCTTypeSafety (0.68.7):
    - FBLazyVector (= 0.68.7)
    - RCT-Folly (= 2021.06.28.00-v2)
    - RCTRequired (= 0.68.7)
    - React-Core (= 0.68.7)
  - React (0.68.7):
    - React-Core (= 0.68.7)
    - React-Core/DevSupport (= 0.68.7)
    - React-Core/RCTWebSocket (= 0.68.7)
    - React-RCTActionSheet (= 0.68.7)
    - React-RCTAnimation (= 0.68.7)
    - React-RCTBlob (= 0.68.7)
    - React-RCTImage (= 0.68.7)
    - React-RCTLinking (= 0.68.7)
    - React-RCTNetwork (= 0.68.7)
    - React-RCTSettings (= 0.68.7)
    - React-RCTText (= 0.68.7)
    - React-RCTVibration (= 0.68.7)
  - React-callinvoker (0.68.7)
  - React-Codegen (0.68.7):
    - FBReactNativeSpec (= 0.68.7)
    - RCT-Folly (= 2021.06.28.00-v2)
    - RCTRequired (= 0.68.7)
    - RCTTypeSafety (= 0.68.7)
    - React-Core (= 0.68.7)
    - React-jsi (= 0.68.7)
    - React-jsiexecutor (= 0.68.7)
    - ReactCommon/turbomodule/core (= 0.68.7)
  - React-Core (0.68.7):
    - glog
    - RCT-Folly (= 2021.06.28.00-v2)
    - React-Core/Default (= 0.68.7)
    - React-cxxreact (= 0.68.7)
    - React-jsi (= 0.68.7)
    - React-jsiexecutor (= 0.68.7)
    - React-perflogger (= 0.68.7)
    - Yoga
  - React-Core/CoreModulesHeaders (0.68.7):
    - glog
    - RCT-Folly (= 2021.06.28.00-v2)
    - React-Core/Default
    - React-cxxreact (= 0.68.7)
    - React-jsi (= 0.68.7)
    - React-jsiexecutor (= 0.68.7)
    - React-perflogger (= 0.68.7)
    - Yoga
  - React-Core/Default (0.68.7):
    - glog
    - RCT-Folly (= 2021.06.28.00-v2)
    - React-cxxreact (= 0.68.7)
    - React-jsi (= 0.68.7)
    - React-jsiexecutor (= 0.68.7)
    - React-perflogger (= 0.68.7)
    - Yoga
  - React-Core/DevSupport (0.68.7):
    - glog
    - RCT-Folly (= 2021.06.28.00-v2)
    - React-Core/Default (= 0.68.7)
    - React-Core/RCTWebSocket (= 0.68.7)
    - React-cxxreact (= 0.68.7)
    - React-jsi (= 0.68.7)
    - React-jsiexecutor (= 0.68.7)
    - React-jsinspector (= 0.68.7)
    - React-perflogger (= 0.68.7)
    - Yoga
  - React-Core/RCTActionSheetHeaders (0.68.7):
    - glog
    - RCT-Folly (= 2021.06.28.00-v2)
    - React-Core/Default
    - React-cxxreact (= 0.68.7)
    - React-jsi (= 0.68.7)
    - React-jsiexecutor (= 0.68.7)
    - React-perflogger (= 0.68.7)
    - Yoga
  - React-Core/RCTAnimationHeaders (0.68.7):
    - glog
    - RCT-Folly (= 2021.06.28.00-v2)
    - React-Core/Default
    - React-cxxreact (= 0.68.7)
    - React-jsi (= 0.68.7)
    - React-jsiexecutor (= 0.68.7)
    - React-perflogger (= 0.68.7)
    - Yoga
  - React-Core/RCTBlobHeaders (0.68.7):
    - glog
    - RCT-Folly (= 2021.06.28.00-v2)
    - React-Core/Default
    - React-cxxreact (= 0.68.7)
    - React-jsi (= 0.68.7)
    - React-jsiexecutor (= 0.68.7)
    - React-perflogger (= 0.68.7)
    - Yoga
  - React-Core/RCTImageHeaders (0.68.7):
    - glog
    - RCT-Folly (= 2021.06.28.00-v2)
    - React-Core/Default
    - React-cxxreact (= 0.68.7)
    - React-jsi (= 0.68.7)
    - React-jsiexecutor (= 0.68.7)
    - React-perflogger (= 0.68.7)
    - Yoga
  - React-Core/RCTLinkingHeaders (0.68.7):
    - glog
    - RCT-Folly (= 2021.06.28.00-v2)
    - React-Core/Default
    - React-cxxreact (= 0.68.7)
    - React-jsi (= 0.68.7)
    - React-jsiexecutor (= 0.68.7)
    - React-perflogger (= 0.68.7)
    - Yoga
  - React-Core/RCTNetworkHeaders (0.68.7):
    - glog
    - RCT-Folly (= 2021.06.28.00-v2)
    - React-Core/Default
    - React-cxxreact (= 0.68.7)
    - React-jsi (= 0.68.7)
    - React-jsiexecutor (= 0.68.7)
    - React-perflogger (= 0.68.7)
    - Yoga
  - React-Core/RCTSettingsHeaders (0.68.7):
    - glog
    - RCT-Folly (= 2021.06.28.00-v2)
    - React-Core/Default
    - React-cxxreact (= 0.68.7)
    - React-jsi (= 0.68.7)
    - React-jsiexecutor (= 0.68.7)
    - React-perflogger (= 0.68.7)
    - Yoga
  - React-Core/RCTTextHeaders (0.68.7):
    - glog
    - RCT-Folly (= 2021.06.28.00-v2)
    - React-Core/Default
    - React-cxxreact (= 0.68.7)
    - React-jsi (= 0.68.7)
    - React-jsiexecutor (= 0.68.7)
    - React-perflogger (= 0.68.7)
    - Yoga
  - React-Core/RCTVibrationHeaders (0.68.7):
    - glog
    - RCT-Folly (= 2021.06.28.00-v2)
    - React-Core/Default
    - React-cxxreact (= 0.68.7)
    - React-jsi (= 0.68.7)
    - React-jsiexecutor (= 0.68.7)
    - React-perflogger (= 0.68.7)
    - Yoga
  - React-Core/RCTWebSocket (0.68.7):
    - glog
    - RCT-Folly (= 2021.06.28.00-v2)
    - React-Core/Default (= 0.68.7)
    - React-cxxreact (= 0.68.7)
    - React-jsi (= 0.68.7)
    - React-jsiexecutor (= 0.68.7)
    - React-perflogger (= 0.68.7)
    - Yoga
  - React-CoreModules (0.68.7):
    - RCT-Folly (= 2021.06.28.00-v2)
    - RCTTypeSafety (= 0.68.7)
    - React-Codegen (= 0.68.7)
    - React-Core/CoreModulesHeaders (= 0.68.7)
    - React-jsi (= 0.68.7)
    - React-RCTImage (= 0.68.7)
    - ReactCommon/turbomodule/core (= 0.68.7)
  - React-cxxreact (0.68.7):
    - boost (= 1.76.0)
    - DoubleConversion
    - glog
    - RCT-Folly (= 2021.06.28.00-v2)
    - React-callinvoker (= 0.68.7)
    - React-jsi (= 0.68.7)
    - React-jsinspector (= 0.68.7)
    - React-logger (= 0.68.7)
    - React-perflogger (= 0.68.7)
    - React-runtimeexecutor (= 0.68.7)
  - React-jsi (0.68.7):
    - boost (= 1.76.0)
    - DoubleConversion
    - glog
    - RCT-Folly (= 2021.06.28.00-v2)
    - React-jsi/Default (= 0.68.7)
  - React-jsi/Default (0.68.7):
    - boost (= 1.76.0)
    - DoubleConversion
    - glog
    - RCT-Folly (= 2021.06.28.00-v2)
  - React-jsiexecutor (0.68.7):
    - DoubleConversion
    - glog
    - RCT-Folly (= 2021.06.28.00-v2)
    - React-cxxreact (= 0.68.7)
    - React-jsi (= 0.68.7)
    - React-perflogger (= 0.68.7)
  - React-jsinspector (0.68.7)
  - React-logger (0.68.7):
    - glog
  - react-native-safe-area-context (4.10.1):
    - React-Core
  - react-native-simple-toast (1.1.4):
    - React-Core
    - Toast (~> 4.0.0)
  - react-native-webview (13.10.2):
    - React-Core
  - React-perflogger (0.68.7)
  - React-RCTActionSheet (0.68.7):
    - React-Core/RCTActionSheetHeaders (= 0.68.7)
  - React-RCTAnimation (0.68.7):
    - RCT-Folly (= 2021.06.28.00-v2)
    - RCTTypeSafety (= 0.68.7)
    - React-Codegen (= 0.68.7)
    - React-Core/RCTAnimationHeaders (= 0.68.7)
    - React-jsi (= 0.68.7)
    - ReactCommon/turbomodule/core (= 0.68.7)
  - React-RCTBlob (0.68.7):
    - RCT-Folly (= 2021.06.28.00-v2)
    - React-Codegen (= 0.68.7)
    - React-Core/RCTBlobHeaders (= 0.68.7)
    - React-Core/RCTWebSocket (= 0.68.7)
    - React-jsi (= 0.68.7)
    - React-RCTNetwork (= 0.68.7)
    - ReactCommon/turbomodule/core (= 0.68.7)
  - React-RCTImage (0.68.7):
    - RCT-Folly (= 2021.06.28.00-v2)
    - RCTTypeSafety (= 0.68.7)
    - React-Codegen (= 0.68.7)
    - React-Core/RCTImageHeaders (= 0.68.7)
    - React-jsi (= 0.68.7)
    - React-RCTNetwork (= 0.68.7)
    - ReactCommon/turbomodule/core (= 0.68.7)
  - React-RCTLinking (0.68.7):
    - React-Codegen (= 0.68.7)
    - React-Core/RCTLinkingHeaders (= 0.68.7)
    - React-jsi (= 0.68.7)
    - ReactCommon/turbomodule/core (= 0.68.7)
  - React-RCTNetwork (0.68.7):
    - RCT-Folly (= 2021.06.28.00-v2)
    - RCTTypeSafety (= 0.68.7)
    - React-Codegen (= 0.68.7)
    - React-Core/RCTNetworkHeaders (= 0.68.7)
    - React-jsi (= 0.68.7)
    - ReactCommon/turbomodule/core (= 0.68.7)
  - React-RCTSettings (0.68.7):
    - RCT-Folly (= 2021.06.28.00-v2)
    - RCTTypeSafety (= 0.68.7)
    - React-Codegen (= 0.68.7)
    - React-Core/RCTSettingsHeaders (= 0.68.7)
    - React-jsi (= 0.68.7)
    - ReactCommon/turbomodule/core (= 0.68.7)
  - React-RCTText (0.68.7):
    - React-Core/RCTTextHeaders (= 0.68.7)
  - React-RCTVibration (0.68.7):
    - RCT-Folly (= 2021.06.28.00-v2)
    - React-Codegen (= 0.68.7)
    - React-Core/RCTVibrationHeaders (= 0.68.7)
    - React-jsi (= 0.68.7)
    - ReactCommon/turbomodule/core (= 0.68.7)
  - React-runtimeexecutor (0.68.7):
    - React-jsi (= 0.68.7)
  - ReactCommon/turbomodule/core (0.68.7):
    - DoubleConversion
    - glog
    - RCT-Folly (= 2021.06.28.00-v2)
    - React-callinvoker (= 0.68.7)
    - React-Core (= 0.68.7)
    - React-cxxreact (= 0.68.7)
    - React-jsi (= 0.68.7)
    - React-logger (= 0.68.7)
    - React-perflogger (= 0.68.7)
  - rn-fetch-blob (0.12.0):
    - React-Core
  - RNCAsyncStorage (1.12.1):
    - React-Core
  - RNCMaskedView (0.1.11):
    - React
  - RNGestureHandler (2.16.2):
    - React-Core
  - RNPermissions (3.10.1):
    - React-Core
  - RNReanimated (3.11.0):
    - DoubleConversion
    - FBLazyVector
    - FBReactNativeSpec
    - glog
    - RCT-Folly
    - RCTRequired
    - RCTTypeSafety
    - React-callinvoker
    - React-Core
    - React-Core/DevSupport
    - React-Core/RCTWebSocket
    - React-CoreModules
    - React-cxxreact
    - React-jsi
    - React-jsiexecutor
    - React-jsinspector
    - React-RCTActionSheet
    - React-RCTAnimation
    - React-RCTBlob
    - React-RCTImage
    - React-RCTLinking
    - React-RCTNetwork
    - React-RCTSettings
    - React-RCTText
    - ReactCommon/turbomodule/core
    - Yoga
  - RNScreens (3.31.1):
    - React-Core
    - React-RCTImage
  - RNVectorIcons (6.7.0):
    - React
  - Toast (4.0.0)
  - toolbar-android (0.2.1):
    - React
  - Yoga (1.14.0)
  - ZiggeoMediaSDK (1.1.47):
    - GoogleAds-IMA-iOS-SDK (= 3.13.0)
  - ZiggeoRN (1.6.36):
    - React-Core
    - ZiggeoMediaSDK

DEPENDENCIES:
  - boost (from `../node_modules/react-native/third-party-podspecs/boost.podspec`)
  - BVLinearGradient (from `../node_modules/react-native-linear-gradient`)
  - DoubleConversion (from `../node_modules/react-native/third-party-podspecs/DoubleConversion.podspec`)
  - FBLazyVector (from `../node_modules/react-native/Libraries/FBLazyVector`)
  - FBReactNativeSpec (from `../node_modules/react-native/React/FBReactNativeSpec`)
  - glog (from `../node_modules/react-native/third-party-podspecs/glog.podspec`)
  - Permission-AppTrackingTransparency (from `../node_modules/react-native-permissions/ios/AppTrackingTransparency/Permission-AppTrackingTransparency.podspec`)
  - Permission-BluetoothPeripheral (from `../node_modules/react-native-permissions/ios/BluetoothPeripheral/Permission-BluetoothPeripheral.podspec`)
  - Permission-Calendars (from `../node_modules/react-native-permissions/ios/Calendars/Permission-Calendars.podspec`)
  - Permission-Camera (from `../node_modules/react-native-permissions/ios/Camera/Permission-Camera.podspec`)
  - Permission-Contacts (from `../node_modules/react-native-permissions/ios/Contacts/Permission-Contacts.podspec`)
  - Permission-FaceID (from `../node_modules/react-native-permissions/ios/FaceID/Permission-FaceID.podspec`)
  - Permission-LocationAlways (from `../node_modules/react-native-permissions/ios/LocationAlways/Permission-LocationAlways.podspec`)
  - Permission-LocationWhenInUse (from `../node_modules/react-native-permissions/ios/LocationWhenInUse/Permission-LocationWhenInUse.podspec`)
  - Permission-MediaLibrary (from `../node_modules/react-native-permissions/ios/MediaLibrary/Permission-MediaLibrary.podspec`)
  - Permission-Microphone (from `../node_modules/react-native-permissions/ios/Microphone/Permission-Microphone.podspec`)
  - Permission-Motion (from `../node_modules/react-native-permissions/ios/Motion/Permission-Motion.podspec`)
  - Permission-Notifications (from `../node_modules/react-native-permissions/ios/Notifications/Permission-Notifications.podspec`)
  - Permission-PhotoLibrary (from `../node_modules/react-native-permissions/ios/PhotoLibrary/Permission-PhotoLibrary.podspec`)
  - Permission-Reminders (from `../node_modules/react-native-permissions/ios/Reminders/Permission-Reminders.podspec`)
  - Permission-Siri (from `../node_modules/react-native-permissions/ios/Siri/Permission-Siri.podspec`)
  - Permission-SpeechRecognition (from `../node_modules/react-native-permissions/ios/SpeechRecognition/Permission-SpeechRecognition.podspec`)
  - Permission-StoreKit (from `../node_modules/react-native-permissions/ios/StoreKit/Permission-StoreKit.podspec`)
  - RCT-Folly (from `../node_modules/react-native/third-party-podspecs/RCT-Folly.podspec`)
  - RCTRequired (from `../node_modules/react-native/Libraries/RCTRequired`)
  - RCTTypeSafety (from `../node_modules/react-native/Libraries/TypeSafety`)
  - React (from `../node_modules/react-native/`)
  - React-callinvoker (from `../node_modules/react-native/ReactCommon/callinvoker`)
  - React-Codegen (from `build/generated/ios`)
  - React-Core (from `../node_modules/react-native/`)
  - React-Core/DevSupport (from `../node_modules/react-native/`)
  - React-Core/RCTWebSocket (from `../node_modules/react-native/`)
  - React-CoreModules (from `../node_modules/react-native/React/CoreModules`)
  - React-cxxreact (from `../node_modules/react-native/ReactCommon/cxxreact`)
  - React-jsi (from `../node_modules/react-native/ReactCommon/jsi`)
  - React-jsiexecutor (from `../node_modules/react-native/ReactCommon/jsiexecutor`)
  - React-jsinspector (from `../node_modules/react-native/ReactCommon/jsinspector`)
  - React-logger (from `../node_modules/react-native/ReactCommon/logger`)
  - react-native-safe-area-context (from `../node_modules/react-native-safe-area-context`)
  - react-native-simple-toast (from `../node_modules/react-native-simple-toast`)
  - react-native-webview (from `../node_modules/react-native-webview`)
  - React-perflogger (from `../node_modules/react-native/ReactCommon/reactperflogger`)
  - React-RCTActionSheet (from `../node_modules/react-native/Libraries/ActionSheetIOS`)
  - React-RCTAnimation (from `../node_modules/react-native/Libraries/NativeAnimation`)
  - React-RCTBlob (from `../node_modules/react-native/Libraries/Blob`)
  - React-RCTImage (from `../node_modules/react-native/Libraries/Image`)
  - React-RCTLinking (from `../node_modules/react-native/Libraries/LinkingIOS`)
  - React-RCTNetwork (from `../node_modules/react-native/Libraries/Network`)
  - React-RCTSettings (from `../node_modules/react-native/Libraries/Settings`)
  - React-RCTText (from `../node_modules/react-native/Libraries/Text`)
  - React-RCTVibration (from `../node_modules/react-native/Libraries/Vibration`)
  - React-runtimeexecutor (from `../node_modules/react-native/ReactCommon/runtimeexecutor`)
  - ReactCommon/turbomodule/core (from `../node_modules/react-native/ReactCommon`)
  - rn-fetch-blob (from `../node_modules/rn-fetch-blob`)
  - "RNCAsyncStorage (from `../node_modules/@react-native-community/async-storage`)"
  - "RNCMaskedView (from `../node_modules/@react-native-community/masked-view`)"
  - RNGestureHandler (from `../node_modules/react-native-gesture-handler`)
  - RNPermissions (from `../node_modules/react-native-permissions`)
  - RNReanimated (from `../node_modules/react-native-reanimated`)
  - RNScreens (from `../node_modules/react-native-screens`)
  - RNVectorIcons (from `../node_modules/react-native-vector-icons`)
  - "toolbar-android (from `../node_modules/@react-native-community/toolbar-android`)"
  - Yoga (from `../node_modules/react-native/ReactCommon/yoga`)
  - ZiggeoMediaSDK (from `https://github.com/Ziggeo/iOS-Client-SDK.git`)
  - ZiggeoRN (from `../node_modules/react-native-ziggeo-library`)

SPEC REPOS:
  trunk:
    - fmt
    - GoogleAds-IMA-iOS-SDK
    - Toast

EXTERNAL SOURCES:
  boost:
    :podspec: "../node_modules/react-native/third-party-podspecs/boost.podspec"
  BVLinearGradient:
    :path: "../node_modules/react-native-linear-gradient"
  DoubleConversion:
    :podspec: "../node_modules/react-native/third-party-podspecs/DoubleConversion.podspec"
  FBLazyVector:
    :path: "../node_modules/react-native/Libraries/FBLazyVector"
  FBReactNativeSpec:
    :path: "../node_modules/react-native/React/FBReactNativeSpec"
  glog:
    :podspec: "../node_modules/react-native/third-party-podspecs/glog.podspec"
  Permission-AppTrackingTransparency:
    :path: "../node_modules/react-native-permissions/ios/AppTrackingTransparency/Permission-AppTrackingTransparency.podspec"
  Permission-BluetoothPeripheral:
    :path: "../node_modules/react-native-permissions/ios/BluetoothPeripheral/Permission-BluetoothPeripheral.podspec"
  Permission-Calendars:
    :path: "../node_modules/react-native-permissions/ios/Calendars/Permission-Calendars.podspec"
  Permission-Camera:
    :path: "../node_modules/react-native-permissions/ios/Camera/Permission-Camera.podspec"
  Permission-Contacts:
    :path: "../node_modules/react-native-permissions/ios/Contacts/Permission-Contacts.podspec"
  Permission-FaceID:
    :path: "../node_modules/react-native-permissions/ios/FaceID/Permission-FaceID.podspec"
  Permission-LocationAlways:
    :path: "../node_modules/react-native-permissions/ios/LocationAlways/Permission-LocationAlways.podspec"
  Permission-LocationWhenInUse:
    :path: "../node_modules/react-native-permissions/ios/LocationWhenInUse/Permission-LocationWhenInUse.podspec"
  Permission-MediaLibrary:
    :path: "../node_modules/react-native-permissions/ios/MediaLibrary/Permission-MediaLibrary.podspec"
  Permission-Microphone:
    :path: "../node_modules/react-native-permissions/ios/Microphone/Permission-Microphone.podspec"
  Permission-Motion:
    :path: "../node_modules/react-native-permissions/ios/Motion/Permission-Motion.podspec"
  Permission-Notifications:
    :path: "../node_modules/react-native-permissions/ios/Notifications/Permission-Notifications.podspec"
  Permission-PhotoLibrary:
    :path: "../node_modules/react-native-permissions/ios/PhotoLibrary/Permission-PhotoLibrary.podspec"
  Permission-Reminders:
    :path: "../node_modules/react-native-permissions/ios/Reminders/Permission-Reminders.podspec"
  Permission-Siri:
    :path: "../node_modules/react-native-permissions/ios/Siri/Permission-Siri.podspec"
  Permission-SpeechRecognition:
    :path: "../node_modules/react-native-permissions/ios/SpeechRecognition/Permission-SpeechRecognition.podspec"
  Permission-StoreKit:
    :path: "../node_modules/react-native-permissions/ios/StoreKit/Permission-StoreKit.podspec"
  RCT-Folly:
    :podspec: "../node_modules/react-native/third-party-podspecs/RCT-Folly.podspec"
  RCTRequired:
    :path: "../node_modules/react-native/Libraries/RCTRequired"
  RCTTypeSafety:
    :path: "../node_modules/react-native/Libraries/TypeSafety"
  React:
    :path: "../node_modules/react-native/"
  React-callinvoker:
    :path: "../node_modules/react-native/ReactCommon/callinvoker"
  React-Codegen:
    :path: build/generated/ios
  React-Core:
    :path: "../node_modules/react-native/"
  React-CoreModules:
    :path: "../node_modules/react-native/React/CoreModules"
  React-cxxreact:
    :path: "../node_modules/react-native/ReactCommon/cxxreact"
  React-jsi:
    :path: "../node_modules/react-native/ReactCommon/jsi"
  React-jsiexecutor:
    :path: "../node_modules/react-native/ReactCommon/jsiexecutor"
  React-jsinspector:
    :path: "../node_modules/react-native/ReactCommon/jsinspector"
  React-logger:
    :path: "../node_modules/react-native/ReactCommon/logger"
  react-native-safe-area-context:
    :path: "../node_modules/react-native-safe-area-context"
  react-native-simple-toast:
    :path: "../node_modules/react-native-simple-toast"
  react-native-webview:
    :path: "../node_modules/react-native-webview"
  React-perflogger:
    :path: "../node_modules/react-native/ReactCommon/reactperflogger"
  React-RCTActionSheet:
    :path: "../node_modules/react-native/Libraries/ActionSheetIOS"
  React-RCTAnimation:
    :path: "../node_modules/react-native/Libraries/NativeAnimation"
  React-RCTBlob:
    :path: "../node_modules/react-native/Libraries/Blob"
  React-RCTImage:
    :path: "../node_modules/react-native/Libraries/Image"
  React-RCTLinking:
    :path: "../node_modules/react-native/Libraries/LinkingIOS"
  React-RCTNetwork:
    :path: "../node_modules/react-native/Libraries/Network"
  React-RCTSettings:
    :path: "../node_modules/react-native/Libraries/Settings"
  React-RCTText:
    :path: "../node_modules/react-native/Libraries/Text"
  React-RCTVibration:
    :path: "../node_modules/react-native/Libraries/Vibration"
  React-runtimeexecutor:
    :path: "../node_modules/react-native/ReactCommon/runtimeexecutor"
  ReactCommon:
    :path: "../node_modules/react-native/ReactCommon"
  rn-fetch-blob:
    :path: "../node_modules/rn-fetch-blob"
  RNCAsyncStorage:
    :path: "../node_modules/@react-native-community/async-storage"
  RNCMaskedView:
    :path: "../node_modules/@react-native-community/masked-view"
  RNGestureHandler:
    :path: "../node_modules/react-native-gesture-handler"
  RNPermissions:
    :path: "../node_modules/react-native-permissions"
  RNReanimated:
    :path: "../node_modules/react-native-reanimated"
  RNScreens:
    :path: "../node_modules/react-native-screens"
  RNVectorIcons:
    :path: "../node_modules/react-native-vector-icons"
  toolbar-android:
    :path: "../node_modules/@react-native-community/toolbar-android"
  Yoga:
    :path: "../node_modules/react-native/ReactCommon/yoga"
  ZiggeoMediaSDK:
    :git: https://github.com/Ziggeo/iOS-Client-SDK.git
  ZiggeoRN:
    :path: "../node_modules/react-native-ziggeo-library"

CHECKOUT OPTIONS:
  ZiggeoMediaSDK:
    :commit: 2c4fa69808f02dcca482e595420ba97af6445a6b
    :git: https://github.com/Ziggeo/iOS-Client-SDK.git

SPEC CHECKSUMS:
  boost: a7c83b31436843459a1961bfd74b96033dc77234
  BVLinearGradient: 880f91a7854faff2df62518f0281afb1c60d49a3
  DoubleConversion: cf9b38bf0b2d048436d9a82ad2abe1404f11e7de
  FBLazyVector: 63b89dc85804d5817261f56dc4cfb43a9b6d57f5
  FBReactNativeSpec: 1fa200a9862d9369a53b6fddbbfcdc22bab24062
  fmt: ff9d55029c625d3757ed641535fd4a75fedc7ce9
  glog: 73c2498ac6884b13ede40eda8228cb1eee9d9d62
  GoogleAds-IMA-iOS-SDK: b8d3693d370edcbd1440c827897c2b2a0b76673d
  Permission-AppTrackingTransparency: 4cc82857ad23dfff007cf03757e56c5705259d56
  Permission-BluetoothPeripheral: 247e379c9ecb4b1af2b87f73e4a15a00a5bc0c1f
  Permission-Calendars: 0afed19f6ae8916c66b9265367dcb45f759e0eaf
  Permission-Camera: 9b70902f34a83c10e198d2d01f0e453e58842776
  Permission-Contacts: 5d89377c3488b99a4b0e62332ba1be6da3103119
  Permission-FaceID: 86fb226a8ed2577db819299177a72cba54bb3327
  Permission-LocationAlways: 0a0de4637662cfdf3603d6933779da2bdd657306
  Permission-LocationWhenInUse: 31f52ebddef50c306a585b5a82ca16c8ff582dec
  Permission-MediaLibrary: c49ea6e00b4919404ef4fc8e5a541628790cea5a
  Permission-Microphone: 8d045745c0c12aed0370ba89c36b6bc1ba54d7eb
  Permission-Motion: 8e7206b3e5f22a700ee935921c0847f463ccd6fd
  Permission-Notifications: 817390e18898f34adad940cd4141e771e77086ea
  Permission-PhotoLibrary: 03c52ed95dadfb0f2ba4c7663786cce0c4e0c978
  Permission-Reminders: 59fb06fa807010d27daef9e00d0f2420d937d45a
  Permission-Siri: 6ffbf71c67dd4638b6937d512fe3ae7528a3d3f6
  Permission-SpeechRecognition: f2cdfdc0508fb6ecc81fca0af0cae45ae8b8d30e
  Permission-StoreKit: 15355f1b7343865bc3b80fbfbfec7f012c691743
  RCT-Folly: 4d8508a426467c48885f1151029bc15fa5d7b3b8
  RCTRequired: 530916cd48c5f7cf1fc16966ad5ea01638ca4799
  RCTTypeSafety: 5fb4cb3080efd582e5563c3e9a0e459fc51396c5
  React: 097b19fbc7aecb3bd23de54b462d2051d7ca8a38
  React-callinvoker: 4f118545cf884f0d8fce5bcd6e1847147ea9cc05
  React-Codegen: 24e59be16f8ed24b3e49e5ff0738dad91988c760
  React-Core: 0b464d0bec18dde90fa819c4be14dbcbdbf3077f
  React-CoreModules: 9bb7d5d5530d474cf8514e2dc8274af82a0bcf2f
  React-cxxreact: 027e192b8008ba5c200163ab6ded55d134c839d5
  React-jsi: 9019a0a0b42e9eac6c1e8c251a8dffe65055a2f1
  React-jsiexecutor: 7c0bd030a84f2ec446fb104b7735af2f5ed11eea
  React-jsinspector: cab4d37ebde480f84c79ac89568abbf76b916c3e
  React-logger: b75b80500ea80457b2cf169427d66de986cdcb29
  react-native-safe-area-context: dcab599c527c2d7de2d76507a523d20a0b83823d
  react-native-simple-toast: 8ee5d23f0b92b935ab7434cdb65159ce12dfb4b7
  react-native-webview: 62e4ebfceec2c024577606ea7b12e57268f3bca0
  React-perflogger: 44436b315d757100a53dfb1ab6b77c58cb646d7d
  React-RCTActionSheet: 1888a229684762c40cc96c7ff4716f809655dc09
  React-RCTAnimation: f05da175751867521d14b02ab4d3994a7b96f131
  React-RCTBlob: 792b966e48d599383d7a0753f75e8f2ff71be1ce
  React-RCTImage: 065cf66546f625295efd36bce3a1806a9b93399c
  React-RCTLinking: 8246290c072bd2d1f336792038d7ec4b91f9847a
  React-RCTNetwork: 6b2331c74684fae61b1ef38f4510fe5da3de3f3a
  React-RCTSettings: 2898e15b249b085f8b8c7401cfab71983a2d40da
  React-RCTText: bd1da1cd805e0765e3ba9089a9fd807d4860a901
  React-RCTVibration: 2a4bf853281d4981ab471509102300d3c9e6c693
  React-runtimeexecutor: 18932e685b4893be88d1efc18f5f8ca1c9cd39d8
  ReactCommon: 29bb6fad3242e30e9d049bc9d592736fa3da9e50
  rn-fetch-blob: f065bb7ab7fb48dd002629f8bdcb0336602d3cba
  RNCAsyncStorage: b03032fdbdb725bea0bd9e5ec5a7272865ae7398
  RNCMaskedView: 0e1bc4bfa8365eba5fbbb71e07fbdc0555249489
  RNGestureHandler: 7d8bc16a05220fa1827ff734e418d9044b0cce3d
  RNPermissions: 4e3714e18afe7141d000beae3755e5b5fb2f5e05
  RNReanimated: 4d6eefb69dc70c65b0ee62b6a99490d077a37bbc
  RNScreens: b940b46ae5987e138c4fadb6b264d09177932b4d
  RNVectorIcons: 368d6d8b8301224e5ffb6254191f4f8876c2be0d
  Toast: 91b396c56ee72a5790816f40d3a94dd357abc196
  toolbar-android: 2a73856e98b750d7e71ce4644d3f41cc98211719
  Yoga: 0bc4b37c3b8a345336ff601e2cf7d9704bab7e93
  ZiggeoMediaSDK: 9b18be69f21fca33c7de4b0c08930f9be6ed90d3
  ZiggeoRN: d7bb0fddd50cd8fc38ec92c5b030d7646704fe87

PODFILE CHECKSUM: 6cc05aba455b130426211a0b8c03e2c36ad45475

COCOAPODS: 1.15.2
